
Microsoft Visual Studio Solution File, Format Version 11.00
# Visual Studio 2010
Project("{930C7802-8A8C-48F9-8165-68863BCCD9DD}") = "SetupHPCC", "SetupHPCC.wixproj", "{70E3BB0B-3444-4CAF-A9A9-C4315D738145}"
EndProject
Project("{930C7802-8A8C-48F9-8165-68863BCCD9DD}") = "SetupGraphControl", "SetupGraphControl.wixproj", "{16F351DD-55EE-48AA-8909-8B6603686C17}"
EndProject
Project("{930C7802-8A8C-48F9-8165-68863BCCD9DD}") = "SetupGraphControl64", "SetupGraphControl64.wixproj", "{03686C17-55EE-48AA-8909-8B6616F351DD}"
EndProject
Project("{8BC9CEB8-8B4A-11D0-8D11-00A0C91BC942}") = "Dir2WXS", "Dir2WXS\Dir2WXS.vcxproj", "{DD9D16E3-A526-454B-AC43-EA8B1BFF46A3}"
EndProject
Project("{2150E333-8FDC-42A3-9474-1A3956D46DE8}") = "Solution Items", "Solution Items", "{524729C5-F8A1-486C-9B84-39C95AB170BF}"
	ProjectSection(SolutionItems) = preProject
		doBuildSetup.bat = doBuildSetup.bat
		doPostBuildStep.bat = doPostBuildStep.bat
		doPreBuildSetup.bat = doPreBuildSetup.bat
	EndProjectSection
EndProject
Global
	GlobalSection(SolutionConfigurationPlatforms) = preSolution
		Debug|Mixed Platforms = Debug|Mixed Platforms
		Debug|Win32 = Debug|Win32
		Debug|x64 = Debug|x64
		Debug|x86 = Debug|x86
		Release|Mixed Platforms = Release|Mixed Platforms
		Release|Win32 = Release|Win32
		Release|x64 = Release|x64
		Release|x86 = Release|x86
	EndGlobalSection
	GlobalSection(ProjectConfigurationPlatforms) = postSolution
		{70E3BB0B-3444-4CAF-A9A9-C4315D738145}.Debug|Mixed Platforms.ActiveCfg = Debug|x86
		{70E3BB0B-3444-4CAF-A9A9-C4315D738145}.Debug|Mixed Platforms.Build.0 = Debug|x86
		{70E3BB0B-3444-4CAF-A9A9-C4315D738145}.Debug|Win32.ActiveCfg = Debug|x86
		{70E3BB0B-3444-4CAF-A9A9-C4315D738145}.Debug|x64.ActiveCfg = Debug|x86
		{70E3BB0B-3444-4CAF-A9A9-C4315D738145}.Debug|x86.ActiveCfg = Debug|x86
		{70E3BB0B-3444-4CAF-A9A9-C4315D738145}.Debug|x86.Build.0 = Debug|x86
		{70E3BB0B-3444-4CAF-A9A9-C4315D738145}.Release|Mixed Platforms.ActiveCfg = Release|x86
		{70E3BB0B-3444-4CAF-A9A9-C4315D738145}.Release|Mixed Platforms.Build.0 = Release|x86
		{70E3BB0B-3444-4CAF-A9A9-C4315D738145}.Release|Win32.ActiveCfg = Release|x86
		{70E3BB0B-3444-4CAF-A9A9-C4315D738145}.Release|x64.ActiveCfg = Release|x86
		{70E3BB0B-3444-4CAF-A9A9-C4315D738145}.Release|x64.Build.0 = Release|x86
		{70E3BB0B-3444-4CAF-A9A9-C4315D738145}.Release|x86.ActiveCfg = Release|x86
		{70E3BB0B-3444-4CAF-A9A9-C4315D738145}.Release|x86.Build.0 = Release|x86
		{16F351DD-55EE-48AA-8909-8B6603686C17}.Debug|Mixed Platforms.ActiveCfg = Debug|x86
		{16F351DD-55EE-48AA-8909-8B6603686C17}.Debug|Mixed Platforms.Build.0 = Debug|x86
		{16F351DD-55EE-48AA-8909-8B6603686C17}.Debug|Win32.ActiveCfg = Debug|x86
		{16F351DD-55EE-48AA-8909-8B6603686C17}.Debug|x64.ActiveCfg = Debug|x86
		{16F351DD-55EE-48AA-8909-8B6603686C17}.Debug|x86.ActiveCfg = Debug|x86
		{16F351DD-55EE-48AA-8909-8B6603686C17}.Debug|x86.Build.0 = Debug|x86
		{16F351DD-55EE-48AA-8909-8B6603686C17}.Release|Mixed Platforms.ActiveCfg = Release|x86
		{16F351DD-55EE-48AA-8909-8B6603686C17}.Release|Mixed Platforms.Build.0 = Release|x86
		{16F351DD-55EE-48AA-8909-8B6603686C17}.Release|Win32.ActiveCfg = Release|x86
		{16F351DD-55EE-48AA-8909-8B6603686C17}.Release|x64.ActiveCfg = Release|x86
		{16F351DD-55EE-48AA-8909-8B6603686C17}.Release|x64.Build.0 = Release|x86
		{16F351DD-55EE-48AA-8909-8B6603686C17}.Release|x86.ActiveCfg = Release|x86
		{16F351DD-55EE-48AA-8909-8B6603686C17}.Release|x86.Build.0 = Release|x86
		{03686C17-55EE-48AA-8909-8B6616F351DD}.Debug|Mixed Platforms.ActiveCfg = Debug|x64
		{03686C17-55EE-48AA-8909-8B6616F351DD}.Debug|Mixed Platforms.Build.0 = Debug|x64
		{03686C17-55EE-48AA-8909-8B6616F351DD}.Debug|Win32.ActiveCfg = Debug|x64
		{03686C17-55EE-48AA-8909-8B6616F351DD}.Debug|x64.ActiveCfg = Debug|x64
		{03686C17-55EE-48AA-8909-8B6616F351DD}.Debug|x64.Build.0 = Debug|x64
		{03686C17-55EE-48AA-8909-8B6616F351DD}.Debug|x86.ActiveCfg = Debug|x86
		{03686C17-55EE-48AA-8909-8B6616F351DD}.Debug|x86.Build.0 = Debug|x86
		{03686C17-55EE-48AA-8909-8B6616F351DD}.Release|Mixed Platforms.ActiveCfg = Release|x64
		{03686C17-55EE-48AA-8909-8B6616F351DD}.Release|Mixed Platforms.Build.0 = Release|x64
		{03686C17-55EE-48AA-8909-8B6616F351DD}.Release|Win32.ActiveCfg = Release|x64
		{03686C17-55EE-48AA-8909-8B6616F351DD}.Release|x64.ActiveCfg = Release|x64
		{03686C17-55EE-48AA-8909-8B6616F351DD}.Release|x64.Build.0 = Release|x64
		{03686C17-55EE-48AA-8909-8B6616F351DD}.Release|x86.ActiveCfg = Release|x64
		{03686C17-55EE-48AA-8909-8B6616F351DD}.Release|x86.Build.0 = Release|x64
		{DD9D16E3-A526-454B-AC43-EA8B1BFF46A3}.Debug|Mixed Platforms.ActiveCfg = Debug|Win32
		{DD9D16E3-A526-454B-AC43-EA8B1BFF46A3}.Debug|Mixed Platforms.Build.0 = Debug|Win32
		{DD9D16E3-A526-454B-AC43-EA8B1BFF46A3}.Debug|Win32.ActiveCfg = Debug|Win32
		{DD9D16E3-A526-454B-AC43-EA8B1BFF46A3}.Debug|Win32.Build.0 = Debug|Win32
		{DD9D16E3-A526-454B-AC43-EA8B1BFF46A3}.Debug|x64.ActiveCfg = Debug|Win32
		{DD9D16E3-A526-454B-AC43-EA8B1BFF46A3}.Debug|x86.ActiveCfg = Debug|Win32
		{DD9D16E3-A526-454B-AC43-EA8B1BFF46A3}.Release|Mixed Platforms.ActiveCfg = Release|Win32
		{DD9D16E3-A526-454B-AC43-EA8B1BFF46A3}.Release|Mixed Platforms.Build.0 = Release|Win32
		{DD9D16E3-A526-454B-AC43-EA8B1BFF46A3}.Release|Win32.ActiveCfg = Release|Win32
		{DD9D16E3-A526-454B-AC43-EA8B1BFF46A3}.Release|Win32.Build.0 = Release|Win32
		{DD9D16E3-A526-454B-AC43-EA8B1BFF46A3}.Release|x64.ActiveCfg = Release|Win32
		{DD9D16E3-A526-454B-AC43-EA8B1BFF46A3}.Release|x86.ActiveCfg = Release|Win32
	EndGlobalSection
	GlobalSection(SolutionProperties) = preSolution
		HideSolutionNode = FALSE
	EndGlobalSection
EndGlobal
